
Microsoft Visual Studio Solution File, Format Version 12.00
# Visual Studio Version 17
VisualStudioVersion = 17.5.33627.172
MinimumVisualStudioVersion = 10.0.40219.1
Project("{9A19103F-16F7-4668-BE54-9A1E7A4F7556}") = "AromaShop", "AromaShop\AromaShop.csproj", "{CAA227D3-6866-42BC-9FB6-A36112C1337C}"
EndProject
Project("{9A19103F-16F7-4668-BE54-9A1E7A4F7556}") = "AromaShop.DataAccess", "AromaShop.DataAccess\AromaShop.DataAccess.csproj", "{A7EFC65A-9840-4A66-BB7B-E0A90FB79DEC}"
EndProject
Project("{9A19103F-16F7-4668-BE54-9A1E7A4F7556}") = "AromaShop.Models", "Aroma.Models\AromaShop.Models.csproj", "{E8DADCAA-EBDD-4700-B969-72AB28AD7096}"
EndProject
Project("{9A19103F-16F7-4668-BE54-9A1E7A4F7556}") = "AromaShop.Services", "AromaShop.Services\AromaShop.Services.csproj", "{D6FB80A6-9972-4E57-9432-8E56B2826652}"
EndProject
Project("{FAE04EC0-301F-11D3-BF4B-00C04F79EFBC}") = "AromaShop.Ultility", "Ultility\AromaShop.Ultility.csproj", "{605FFE30-1652-4451-AD92-1E184A4B5D78}"
EndProject
Global
	GlobalSection(SolutionConfigurationPlatforms) = preSolution
		Debug|Any CPU = Debug|Any CPU
		Release|Any CPU = Release|Any CPU
	EndGlobalSection
	GlobalSection(ProjectConfigurationPlatforms) = postSolution
		{CAA227D3-6866-42BC-9FB6-A36112C1337C}.Debug|Any CPU.ActiveCfg = Debug|Any CPU
		{CAA227D3-6866-42BC-9FB6-A36112C1337C}.Debug|Any CPU.Build.0 = Debug|Any CPU
		{CAA227D3-6866-42BC-9FB6-A36112C1337C}.Release|Any CPU.ActiveCfg = Release|Any CPU
		{CAA227D3-6866-42BC-9FB6-A36112C1337C}.Release|Any CPU.Build.0 = Release|Any CPU
		{A7EFC65A-9840-4A66-BB7B-E0A90FB79DEC}.Debug|Any CPU.ActiveCfg = Debug|Any CPU
		{A7EFC65A-9840-4A66-BB7B-E0A90FB79DEC}.Debug|Any CPU.Build.0 = Debug|Any CPU
		{A7EFC65A-9840-4A66-BB7B-E0A90FB79DEC}.Release|Any CPU.ActiveCfg = Release|Any CPU
		{A7EFC65A-9840-4A66-BB7B-E0A90FB79DEC}.Release|Any CPU.Build.0 = Release|Any CPU
		{E8DADCAA-EBDD-4700-B969-72AB28AD7096}.Debug|Any CPU.ActiveCfg = Debug|Any CPU
		{E8DADCAA-EBDD-4700-B969-72AB28AD7096}.Debug|Any CPU.Build.0 = Debug|Any CPU
		{E8DADCAA-EBDD-4700-B969-72AB28AD7096}.Release|Any CPU.ActiveCfg = Release|Any CPU
		{E8DADCAA-EBDD-4700-B969-72AB28AD7096}.Release|Any CPU.Build.0 = Release|Any CPU
		{D6FB80A6-9972-4E57-9432-8E56B2826652}.Debug|Any CPU.ActiveCfg = Debug|Any CPU
		{D6FB80A6-9972-4E57-9432-8E56B2826652}.Debug|Any CPU.Build.0 = Debug|Any CPU
		{D6FB80A6-9972-4E57-9432-8E56B2826652}.Release|Any CPU.ActiveCfg = Release|Any CPU
		{D6FB80A6-9972-4E57-9432-8E56B2826652}.Release|Any CPU.Build.0 = Release|Any CPU
		{605FFE30-1652-4451-AD92-1E184A4B5D78}.Debug|Any CPU.ActiveCfg = Debug|Any CPU
		{605FFE30-1652-4451-AD92-1E184A4B5D78}.Debug|Any CPU.Build.0 = Debug|Any CPU
		{605FFE30-1652-4451-AD92-1E184A4B5D78}.Release|Any CPU.ActiveCfg = Release|Any CPU
		{605FFE30-1652-4451-AD92-1E184A4B5D78}.Release|Any CPU.Build.0 = Release|Any CPU
	EndGlobalSection
	GlobalSection(SolutionProperties) = preSolution
		HideSolutionNode = FALSE
	EndGlobalSection
	GlobalSection(ExtensibilityGlobals) = postSolution
		SolutionGuid = {88B9D292-F2B5-4862-8833-7CF86EF0BF3C}
	EndGlobalSection
EndGlobal
